
Microsoft Visual Studio Solution File, Format Version 12.00
# Visual Studio Version 17
VisualStudioVersion = 17.6.33723.286
MinimumVisualStudioVersion = 10.0.40219.1
Project("{9A19103F-16F7-4668-BE54-9A1E7A4F7556}") = "Test_App", "Test_App\Test_App.csproj", "{3825463E-B8CD-4D51-AAB4-98A86C7B940B}"
EndProject
Global
	GlobalSection(SolutionConfigurationPlatforms) = preSolution
		Debug|Any CPU = Debug|Any CPU
		Release|Any CPU = Release|Any CPU
	EndGlobalSection
	GlobalSection(ProjectConfigurationPlatforms) = postSolution
		{3825463E-B8CD-4D51-AAB4-98A86C7B940B}.Debug|Any CPU.ActiveCfg = Debug|Any CPU
		{3825463E-B8CD-4D51-AAB4-98A86C7B940B}.Debug|Any CPU.Build.0 = Debug|Any CPU
		{3825463E-B8CD-4D51-AAB4-98A86C7B940B}.Release|Any CPU.ActiveCfg = Release|Any CPU
		{3825463E-B8CD-4D51-AAB4-98A86C7B940B}.Release|Any CPU.Build.0 = Release|Any CPU
	EndGlobalSection
	GlobalSection(SolutionProperties) = preSolution
		HideSolutionNode = FALSE
	EndGlobalSection
	GlobalSection(ExtensibilityGlobals) = postSolution
		SolutionGuid = {133AC77A-9B48-424E-B5B4-1E70EB36C31B}
	EndGlobalSection
EndGlobal
